
Microsoft Visual Studio Solution File, Format Version 12.00
# Visual Studio Version 17
VisualStudioVersion = 17.5.002.0
MinimumVisualStudioVersion = 10.0.40219.1
Project("{9A19103F-16F7-4668-BE54-9A1E7A4F7556}") = "pinewoodApp", "pinewoodApp.csproj", "{BD608985-70B8-4C40-851A-2A6430F0C72D}"
EndProject
Global
	GlobalSection(SolutionConfigurationPlatforms) = preSolution
		Debug|Any CPU = Debug|Any CPU
		Release|Any CPU = Release|Any CPU
	EndGlobalSection
	GlobalSection(ProjectConfigurationPlatforms) = postSolution
		{BD608985-70B8-4C40-851A-2A6430F0C72D}.Debug|Any CPU.ActiveCfg = Debug|Any CPU
		{BD608985-70B8-4C40-851A-2A6430F0C72D}.Debug|Any CPU.Build.0 = Debug|Any CPU
		{BD608985-70B8-4C40-851A-2A6430F0C72D}.Release|Any CPU.ActiveCfg = Release|Any CPU
		{BD608985-70B8-4C40-851A-2A6430F0C72D}.Release|Any CPU.Build.0 = Release|Any CPU
	EndGlobalSection
	GlobalSection(SolutionProperties) = preSolution
		HideSolutionNode = FALSE
	EndGlobalSection
	GlobalSection(ExtensibilityGlobals) = postSolution
		SolutionGuid = {B29003CF-17E5-484C-A61C-C469F9394C81}
	EndGlobalSection
EndGlobal
